
Microsoft Visual Studio Solution File, Format Version 12.00
# Visual Studio Version 16
VisualStudioVersion = 16.0.30114.105
MinimumVisualStudioVersion = 10.0.40219.1
Project("{9A19103F-16F7-4668-BE54-9A1E7A4F7556}") = "CursoEFCore", "Curso\CursoEFCore.csproj", "{A352E6F7-616D-4788-B84E-8A3D6655A5CE}"
EndProject
Global
	GlobalSection(SolutionConfigurationPlatforms) = preSolution
		Debug|Any CPU = Debug|Any CPU
		Debug|x64 = Debug|x64
		Debug|x86 = Debug|x86
		Release|Any CPU = Release|Any CPU
		Release|x64 = Release|x64
		Release|x86 = Release|x86
	EndGlobalSection
	GlobalSection(ProjectConfigurationPlatforms) = postSolution
		{A352E6F7-616D-4788-B84E-8A3D6655A5CE}.Debug|Any CPU.ActiveCfg = Debug|Any CPU
		{A352E6F7-616D-4788-B84E-8A3D6655A5CE}.Debug|Any CPU.Build.0 = Debug|Any CPU
		{A352E6F7-616D-4788-B84E-8A3D6655A5CE}.Debug|x64.ActiveCfg = Debug|Any CPU
		{A352E6F7-616D-4788-B84E-8A3D6655A5CE}.Debug|x64.Build.0 = Debug|Any CPU
		{A352E6F7-616D-4788-B84E-8A3D6655A5CE}.Debug|x86.ActiveCfg = Debug|Any CPU
		{A352E6F7-616D-4788-B84E-8A3D6655A5CE}.Debug|x86.Build.0 = Debug|Any CPU
		{A352E6F7-616D-4788-B84E-8A3D6655A5CE}.Release|Any CPU.ActiveCfg = Release|Any CPU
		{A352E6F7-616D-4788-B84E-8A3D6655A5CE}.Release|Any CPU.Build.0 = Release|Any CPU
		{A352E6F7-616D-4788-B84E-8A3D6655A5CE}.Release|x64.ActiveCfg = Release|Any CPU
		{A352E6F7-616D-4788-B84E-8A3D6655A5CE}.Release|x64.Build.0 = Release|Any CPU
		{A352E6F7-616D-4788-B84E-8A3D6655A5CE}.Release|x86.ActiveCfg = Release|Any CPU
		{A352E6F7-616D-4788-B84E-8A3D6655A5CE}.Release|x86.Build.0 = Release|Any CPU
	EndGlobalSection
	GlobalSection(SolutionProperties) = preSolution
		HideSolutionNode = FALSE
	EndGlobalSection
	GlobalSection(ExtensibilityGlobals) = postSolution
		SolutionGuid = {414E6831-967A-4FE0-A793-FCCB3E2324EE}
	EndGlobalSection
EndGlobal
